
Microsoft Visual Studio Solution File, Format Version 12.00
# Visual Studio Version 17
VisualStudioVersion = 17.11.35208.52
MinimumVisualStudioVersion = 10.0.40219.1
Project("{FAE04EC0-301F-11D3-BF4B-00C04F79EFBC}") = "POO2", "POO2\POO2.csproj", "{0BDB5BC3-DF7B-4768-B7AD-D7BFCCB37FE7}"
EndProject
Project("{FAE04EC0-301F-11D3-BF4B-00C04F79EFBC}") = "EjemploVehiculos", "EjemploVehiculos\EjemploVehiculos.csproj", "{65D69947-AF30-4FE5-A129-A75AF4D00730}"
EndProject
Project("{FAE04EC0-301F-11D3-BF4B-00C04F79EFBC}") = "Herencia3", "Herencia3\Herencia3.csproj", "{45573E8D-506E-45C2-9062-3779F6CE17B8}"
EndProject
Global
	GlobalSection(SolutionConfigurationPlatforms) = preSolution
		Debug|Any CPU = Debug|Any CPU
		Release|Any CPU = Release|Any CPU
	EndGlobalSection
	GlobalSection(ProjectConfigurationPlatforms) = postSolution
		{0BDB5BC3-DF7B-4768-B7AD-D7BFCCB37FE7}.Debug|Any CPU.ActiveCfg = Debug|Any CPU
		{0BDB5BC3-DF7B-4768-B7AD-D7BFCCB37FE7}.Debug|Any CPU.Build.0 = Debug|Any CPU
		{0BDB5BC3-DF7B-4768-B7AD-D7BFCCB37FE7}.Release|Any CPU.ActiveCfg = Release|Any CPU
		{0BDB5BC3-DF7B-4768-B7AD-D7BFCCB37FE7}.Release|Any CPU.Build.0 = Release|Any CPU
		{65D69947-AF30-4FE5-A129-A75AF4D00730}.Debug|Any CPU.ActiveCfg = Debug|Any CPU
		{65D69947-AF30-4FE5-A129-A75AF4D00730}.Debug|Any CPU.Build.0 = Debug|Any CPU
		{65D69947-AF30-4FE5-A129-A75AF4D00730}.Release|Any CPU.ActiveCfg = Release|Any CPU
		{65D69947-AF30-4FE5-A129-A75AF4D00730}.Release|Any CPU.Build.0 = Release|Any CPU
		{45573E8D-506E-45C2-9062-3779F6CE17B8}.Debug|Any CPU.ActiveCfg = Debug|Any CPU
		{45573E8D-506E-45C2-9062-3779F6CE17B8}.Debug|Any CPU.Build.0 = Debug|Any CPU
		{45573E8D-506E-45C2-9062-3779F6CE17B8}.Release|Any CPU.ActiveCfg = Release|Any CPU
		{45573E8D-506E-45C2-9062-3779F6CE17B8}.Release|Any CPU.Build.0 = Release|Any CPU
	EndGlobalSection
	GlobalSection(SolutionProperties) = preSolution
		HideSolutionNode = FALSE
	EndGlobalSection
	GlobalSection(ExtensibilityGlobals) = postSolution
		SolutionGuid = {0B399B7D-3264-47FE-9D7C-CB2E3CDDD99C}
	EndGlobalSection
EndGlobal
